{
    "version": 3,
    "terraform_version": "0.11.12",
    "serial": 8,
    "lineage": "61001008-09c4-bd8f-1c19-00f867fd96f4",
    "modules": [
        {
            "path": [
                "root"
            ],
            "outputs": {},
            "resources": {
                "aws_dynamodb_table.basic-dynamodb-table": {
                    "type": "aws_dynamodb_table",
                    "depends_on": [],
                    "primary": {
                        "id": "MyDynamo",
                        "attributes": {
                            "arn": "arn:aws:dynamodb:us-east-1:397929331209:table/MyDynamo",
                            "attribute.#": "2",
                            "attribute.1497631073.name": "username",
                            "attribute.1497631073.type": "S",
                            "attribute.3403068082.name": "UserId",
                            "attribute.3403068082.type": "S",
                            "billing_mode": "PROVISIONED",
                            "global_secondary_index.#": "0",
                            "hash_key": "UserId",
                            "id": "MyDynamo",
                            "local_secondary_index.#": "0",
                            "name": "MyDynamo",
                            "point_in_time_recovery.#": "1",
                            "point_in_time_recovery.0.enabled": "false",
                            "range_key": "username",
                            "read_capacity": "20",
                            "server_side_encryption.#": "0",
                            "stream_arn": "arn:aws:dynamodb:us-east-1:397929331209:table/MyDynamo/stream/2019-06-18T02:58:13.207",
                            "stream_enabled": "true",
                            "stream_label": "2019-06-18T02:58:13.207",
                            "stream_view_type": "NEW_IMAGE",
                            "tags.%": "2",
                            "tags.Environment": "production",
                            "tags.Name": "dynamodb-table-1",
                            "ttl.#": "1",
                            "ttl.0.attribute_name": "",
                            "ttl.0.enabled": "false",
                            "write_capacity": "20"
                        },
                        "meta": {
                            "e2bfb730-ecaa-11e6-8f88-34363bc7c4c0": {
                                "create": 600000000000,
                                "delete": 600000000000,
                                "update": 3600000000000
                            },
                            "schema_version": "1"
                        },
                        "tainted": false
                    },
                    "deposed": [],
                    "provider": "provider.aws"
                },
                "aws_iam_instance_profile.test_profile": {
                    "type": "aws_iam_instance_profile",
                    "depends_on": [
                        "aws_iam_role.test_role"
                    ],
                    "primary": {
                        "id": "test_profile",
                        "attributes": {
                            "arn": "arn:aws:iam::397929331209:instance-profile/test_profile",
                            "create_date": "2019-06-18T02:58:13Z",
                            "id": "test_profile",
                            "name": "test_profile",
                            "path": "/",
                            "role": "del-adm-test_role",
                            "roles.#": "0",
                            "unique_id": "AIPAVZJTPXIE7QHKBAIZ2"
                        },
                        "meta": {},
                        "tainted": false
                    },
                    "deposed": [],
                    "provider": "provider.aws"
                },
                "aws_iam_policy.policy": {
                    "type": "aws_iam_policy",
                    "depends_on": [
                        "aws_dynamodb_table.basic-dynamodb-table",
                        "aws_kinesis_stream.test_stream",
                        "aws_s3_bucket.main"
                    ],
                    "primary": {
                        "id": "arn:aws:iam::397929331209:policy/del-adm-test_policy",
                        "attributes": {
                            "arn": "arn:aws:iam::397929331209:policy/del-adm-test_policy",
                            "description": "My test policy",
                            "id": "arn:aws:iam::397929331209:policy/del-adm-test_policy",
                            "name": "del-adm-test_policy",
                            "path": "/",
                            "policy": "{\n    \"Version\": \"2012-10-17\",\n    \"Statement\": [\n        {\n            \"Sid\": \"VisualEditor0\",\n            \"Effect\": \"Allow\",\n            \"Action\": [\n                \"dynamodb:*\"             \n            ],\n            \"Resource\": \"arn:aws:dynamodb:us-east-1:397929331209:table/MyDynamo\"\n        },\n        {\n            \"Sid\": \"VisualEditor3\",\n            \"Effect\": \"Allow\",\n            \"Action\": \"kinesis:*\",\n            \"Resource\": \"arn:aws:kinesis:us-east-1:397929331209:stream/kinesis-test\"\n        },\n        {\n            \"Sid\": \"VisualEditor2\",\n            \"Effect\": \"Allow\",\n            \"Action\": \"s3:*\",\n            \"Resource\": \"arn:aws:s3:::my-s3-bucket-for-san\"\n        }\n    ]\n}\n"
                        },
                        "meta": {},
                        "tainted": false
                    },
                    "deposed": [],
                    "provider": "provider.aws"
                },
                "aws_iam_role.test_role": {
                    "type": "aws_iam_role",
                    "depends_on": [],
                    "primary": {
                        "id": "del-adm-test_role",
                        "attributes": {
                            "arn": "arn:aws:iam::397929331209:role/del-adm-test_role",
                            "assume_role_policy": "{\"Version\":\"2012-10-17\",\"Statement\":[{\"Sid\":\"\",\"Effect\":\"Allow\",\"Principal\":{\"Service\":\"ec2.amazonaws.com\"},\"Action\":\"sts:AssumeRole\"}]}",
                            "create_date": "2019-06-18T02:58:13Z",
                            "description": "",
                            "force_detach_policies": "false",
                            "id": "del-adm-test_role",
                            "max_session_duration": "3600",
                            "name": "del-adm-test_role",
                            "path": "/",
                            "tags.%": "1",
                            "tags.tag-key": "tag-value",
                            "unique_id": "AROAVZJTPXIETIJXR5T4B"
                        },
                        "meta": {},
                        "tainted": false
                    },
                    "deposed": [],
                    "provider": "provider.aws"
                },
                "aws_iam_role_policy_attachment.test-attach": {
                    "type": "aws_iam_role_policy_attachment",
                    "depends_on": [
                        "aws_iam_policy.policy",
                        "aws_iam_role.test_role"
                    ],
                    "primary": {
                        "id": "del-adm-test_role-20190618025924587500000001",
                        "attributes": {
                            "id": "del-adm-test_role-20190618025924587500000001",
                            "policy_arn": "arn:aws:iam::397929331209:policy/del-adm-test_policy",
                            "role": "del-adm-test_role"
                        },
                        "meta": {},
                        "tainted": false
                    },
                    "deposed": [],
                    "provider": "provider.aws"
                },
                "aws_instance.web": {
                    "type": "aws_instance",
                    "depends_on": [
                        "aws_iam_instance_profile.test_profile",
                        "data.aws_ami.ubuntu",
                        "data.aws_subnet_ids.example"
                    ],
                    "primary": {
                        "id": "i-060a1dd6f57e914c6",
                        "attributes": {
                            "ami": "ami-00d4e9ff62bc40e03",
                            "arn": "arn:aws:ec2:us-east-1:397929331209:instance/i-060a1dd6f57e914c6",
                            "associate_public_ip_address": "false",
                            "availability_zone": "us-east-1a",
                            "cpu_core_count": "1",
                            "cpu_threads_per_core": "1",
                            "credit_specification.#": "1",
                            "credit_specification.0.cpu_credits": "standard",
                            "disable_api_termination": "false",
                            "ebs_block_device.#": "0",
                            "ebs_optimized": "false",
                            "ephemeral_block_device.#": "0",
                            "get_password_data": "false",
                            "iam_instance_profile": "test_profile",
                            "id": "i-060a1dd6f57e914c6",
                            "instance_state": "running",
                            "instance_type": "t2.micro",
                            "ipv6_address_count": "0",
                            "ipv6_addresses.#": "0",
                            "key_name": "javakey",
                            "monitoring": "false",
                            "network_interface.#": "0",
                            "password_data": "",
                            "placement_group": "",
                            "primary_network_interface_id": "eni-058dc08792a9f4eb5",
                            "private_dns": "ip-10-0-0-83.ec2.internal",
                            "private_ip": "10.0.0.83",
                            "public_dns": "",
                            "public_ip": "",
                            "root_block_device.#": "1",
                            "root_block_device.0.delete_on_termination": "true",
                            "root_block_device.0.iops": "100",
                            "root_block_device.0.volume_id": "vol-009278ae281c8639b",
                            "root_block_device.0.volume_size": "8",
                            "root_block_device.0.volume_type": "gp2",
                            "security_groups.#": "0",
                            "source_dest_check": "true",
                            "subnet_id": "subnet-0dde0ab23657bc68b",
                            "tags.%": "1",
                            "tags.Name": "HelloWorld",
                            "tenancy": "default",
                            "volume_tags.%": "0",
                            "vpc_security_group_ids.#": "1",
                            "vpc_security_group_ids.5764267": "sg-044a60ddd19f62261"
                        },
                        "meta": {
                            "e2bfb730-ecaa-11e6-8f88-34363bc7c4c0": {
                                "create": 600000000000,
                                "delete": 1200000000000,
                                "update": 600000000000
                            },
                            "schema_version": "1"
                        },
                        "tainted": false
                    },
                    "deposed": [],
                    "provider": "provider.aws"
                },
                "aws_kinesis_stream.test_stream": {
                    "type": "aws_kinesis_stream",
                    "depends_on": [],
                    "primary": {
                        "id": "arn:aws:kinesis:us-east-1:397929331209:stream/kinesis-test",
                        "attributes": {
                            "arn": "arn:aws:kinesis:us-east-1:397929331209:stream/kinesis-test",
                            "encryption_type": "NONE",
                            "enforce_consumer_deletion": "false",
                            "id": "arn:aws:kinesis:us-east-1:397929331209:stream/kinesis-test",
                            "kms_key_id": "",
                            "name": "kinesis-test",
                            "retention_period": "24",
                            "shard_count": "1",
                            "shard_level_metrics.#": "2",
                            "shard_level_metrics.123700221": "IncomingBytes",
                            "shard_level_metrics.1625074920": "OutgoingBytes",
                            "tags.%": "1",
                            "tags.Environment": "test"
                        },
                        "meta": {
                            "e2bfb730-ecaa-11e6-8f88-34363bc7c4c0": {
                                "create": 300000000000,
                                "delete": 7200000000000,
                                "update": 7200000000000
                            },
                            "schema_version": "1"
                        },
                        "tainted": false
                    },
                    "deposed": [],
                    "provider": "provider.aws"
                },
                "aws_s3_bucket.main": {
                    "type": "aws_s3_bucket",
                    "depends_on": [],
                    "primary": {
                        "id": "my-s3-bucket-for-san",
                        "attributes": {
                            "acceleration_status": "",
                            "acl": "private",
                            "arn": "arn:aws:s3:::my-s3-bucket-for-san",
                            "bucket": "my-s3-bucket-for-san",
                            "bucket_domain_name": "my-s3-bucket-for-san.s3.amazonaws.com",
                            "bucket_regional_domain_name": "my-s3-bucket-for-san.s3.amazonaws.com",
                            "cors_rule.#": "0",
                            "force_destroy": "false",
                            "hosted_zone_id": "Z3AQBSTGFYJSTF",
                            "id": "my-s3-bucket-for-san",
                            "lifecycle_rule.#": "0",
                            "logging.#": "0",
                            "object_lock_configuration.#": "0",
                            "region": "us-east-1",
                            "replication_configuration.#": "0",
                            "request_payer": "BucketOwner",
                            "server_side_encryption_configuration.#": "0",
                            "tags.%": "2",
                            "tags.Environment": "Dev",
                            "tags.Name": "My bucket",
                            "versioning.#": "1",
                            "versioning.0.enabled": "false",
                            "versioning.0.mfa_delete": "false",
                            "website.#": "0"
                        },
                        "meta": {},
                        "tainted": false
                    },
                    "deposed": [],
                    "provider": "provider.aws"
                },
                "data.aws_ami.ubuntu": {
                    "type": "aws_ami",
                    "depends_on": [],
                    "primary": {
                        "id": "ami-00d4e9ff62bc40e03",
                        "attributes": {
                            "architecture": "x86_64",
                            "block_device_mappings.#": "3",
                            "block_device_mappings.1634610537.device_name": "/dev/sdb",
                            "block_device_mappings.1634610537.ebs.%": "0",
                            "block_device_mappings.1634610537.no_device": "",
                            "block_device_mappings.1634610537.virtual_name": "ephemeral0",
                            "block_device_mappings.2547816212.device_name": "/dev/sda1",
                            "block_device_mappings.2547816212.ebs.%": "6",
                            "block_device_mappings.2547816212.ebs.delete_on_termination": "true",
                            "block_device_mappings.2547816212.ebs.encrypted": "false",
                            "block_device_mappings.2547816212.ebs.iops": "0",
                            "block_device_mappings.2547816212.ebs.snapshot_id": "snap-0288604f8a6a6f2d9",
                            "block_device_mappings.2547816212.ebs.volume_size": "8",
                            "block_device_mappings.2547816212.ebs.volume_type": "gp2",
                            "block_device_mappings.2547816212.no_device": "",
                            "block_device_mappings.2547816212.virtual_name": "",
                            "block_device_mappings.3850042718.device_name": "/dev/sdc",
                            "block_device_mappings.3850042718.ebs.%": "0",
                            "block_device_mappings.3850042718.no_device": "",
                            "block_device_mappings.3850042718.virtual_name": "ephemeral1",
                            "creation_date": "2019-05-15T11:55:49.000Z",
                            "description": "Canonical, Ubuntu, 14.04 LTS, amd64 trusty image build on 2019-05-14",
                            "filter.#": "2",
                            "filter.4182425345.name": "name",
                            "filter.4182425345.values.#": "1",
                            "filter.4182425345.values.0": "ubuntu/images/hvm-ssd/ubuntu-trusty-14.04-amd64-server-*",
                            "filter.490168357.name": "virtualization-type",
                            "filter.490168357.values.#": "1",
                            "filter.490168357.values.0": "hvm",
                            "hypervisor": "xen",
                            "id": "ami-00d4e9ff62bc40e03",
                            "image_id": "ami-00d4e9ff62bc40e03",
                            "image_location": "099720109477/ubuntu/images/hvm-ssd/ubuntu-trusty-14.04-amd64-server-20190514",
                            "image_type": "machine",
                            "most_recent": "true",
                            "name": "ubuntu/images/hvm-ssd/ubuntu-trusty-14.04-amd64-server-20190514",
                            "owner_id": "099720109477",
                            "owners.#": "1",
                            "owners.0": "099720109477",
                            "product_codes.#": "0",
                            "public": "true",
                            "root_device_name": "/dev/sda1",
                            "root_device_type": "ebs",
                            "root_snapshot_id": "snap-0288604f8a6a6f2d9",
                            "sriov_net_support": "simple",
                            "state": "available",
                            "state_reason.%": "2",
                            "state_reason.code": "UNSET",
                            "state_reason.message": "UNSET",
                            "tags.%": "0",
                            "virtualization_type": "hvm"
                        },
                        "meta": {},
                        "tainted": false
                    },
                    "deposed": [],
                    "provider": "provider.aws"
                },
                "data.aws_subnet.example.0": {
                    "type": "aws_subnet",
                    "depends_on": [
                        "data.aws_subnet_ids.example"
                    ],
                    "primary": {
                        "id": "subnet-0dde0ab23657bc68b",
                        "attributes": {
                            "arn": "arn:aws:ec2:us-east-1:397929331209:subnet/subnet-0dde0ab23657bc68b",
                            "assign_ipv6_address_on_creation": "false",
                            "availability_zone": "us-east-1a",
                            "availability_zone_id": "use1-az6",
                            "cidr_block": "10.0.0.64/26",
                            "default_for_az": "false",
                            "id": "subnet-0dde0ab23657bc68b",
                            "map_public_ip_on_launch": "false",
                            "owner_id": "397929331209",
                            "state": "available",
                            "tags.%": "1",
                            "tags.Name": "Private Subnet 01",
                            "vpc_id": "vpc-01f1087a6589fac38"
                        },
                        "meta": {},
                        "tainted": false
                    },
                    "deposed": [],
                    "provider": "provider.aws"
                },
                "data.aws_subnet.example.1": {
                    "type": "aws_subnet",
                    "depends_on": [
                        "data.aws_subnet_ids.example"
                    ],
                    "primary": {
                        "id": "subnet-0b53bfd096e5f333f",
                        "attributes": {
                            "arn": "arn:aws:ec2:us-east-1:397929331209:subnet/subnet-0b53bfd096e5f333f",
                            "assign_ipv6_address_on_creation": "false",
                            "availability_zone": "us-east-1c",
                            "availability_zone_id": "use1-az2",
                            "cidr_block": "10.0.0.192/26",
                            "default_for_az": "false",
                            "id": "subnet-0b53bfd096e5f333f",
                            "map_public_ip_on_launch": "false",
                            "owner_id": "397929331209",
                            "state": "available",
                            "tags.%": "1",
                            "tags.Name": "Private Subnet03",
                            "vpc_id": "vpc-01f1087a6589fac38"
                        },
                        "meta": {},
                        "tainted": false
                    },
                    "deposed": [],
                    "provider": "provider.aws"
                },
                "data.aws_subnet.example.2": {
                    "type": "aws_subnet",
                    "depends_on": [
                        "data.aws_subnet_ids.example"
                    ],
                    "primary": {
                        "id": "subnet-0369252549e903334",
                        "attributes": {
                            "arn": "arn:aws:ec2:us-east-1:397929331209:subnet/subnet-0369252549e903334",
                            "assign_ipv6_address_on_creation": "false",
                            "availability_zone": "us-east-1a",
                            "availability_zone_id": "use1-az6",
                            "cidr_block": "10.0.0.0/26",
                            "default_for_az": "false",
                            "id": "subnet-0369252549e903334",
                            "map_public_ip_on_launch": "true",
                            "owner_id": "397929331209",
                            "state": "available",
                            "tags.%": "1",
                            "tags.Name": "Public Subnet EKS",
                            "vpc_id": "vpc-01f1087a6589fac38"
                        },
                        "meta": {},
                        "tainted": false
                    },
                    "deposed": [],
                    "provider": "provider.aws"
                },
                "data.aws_subnet.example.3": {
                    "type": "aws_subnet",
                    "depends_on": [
                        "data.aws_subnet_ids.example"
                    ],
                    "primary": {
                        "id": "subnet-0c5e8867b47051dc8",
                        "attributes": {
                            "arn": "arn:aws:ec2:us-east-1:397929331209:subnet/subnet-0c5e8867b47051dc8",
                            "assign_ipv6_address_on_creation": "false",
                            "availability_zone": "us-east-1b",
                            "availability_zone_id": "use1-az1",
                            "cidr_block": "10.0.0.128/26",
                            "default_for_az": "false",
                            "id": "subnet-0c5e8867b47051dc8",
                            "map_public_ip_on_launch": "false",
                            "owner_id": "397929331209",
                            "state": "available",
                            "tags.%": "1",
                            "tags.Name": "Private Subnet 02",
                            "vpc_id": "vpc-01f1087a6589fac38"
                        },
                        "meta": {},
                        "tainted": false
                    },
                    "deposed": [],
                    "provider": "provider.aws"
                },
                "data.aws_subnet_ids.example": {
                    "type": "aws_subnet_ids",
                    "depends_on": [],
                    "primary": {
                        "id": "vpc-01f1087a6589fac38",
                        "attributes": {
                            "id": "vpc-01f1087a6589fac38",
                            "ids.#": "4",
                            "ids.1722183033": "subnet-0b53bfd096e5f333f",
                            "ids.192839390": "subnet-0dde0ab23657bc68b",
                            "ids.2584467699": "subnet-0369252549e903334",
                            "ids.4010938083": "subnet-0c5e8867b47051dc8",
                            "vpc_id": "vpc-01f1087a6589fac38"
                        },
                        "meta": {},
                        "tainted": false
                    },
                    "deposed": [],
                    "provider": "provider.aws"
                }
            },
            "depends_on": []
        }
    ]
}
